
Microsoft Visual Studio Solution File, Format Version 12.00
# Visual Studio 2012
Project("{FAE04EC0-301F-11D3-BF4B-00C04F79EFBC}") = "ManageCodeInformation", "ManageCodeInformation\ManageCodeInformation.csproj", "{C6C8F0AD-B4A4-4700-82D9-1BF3FF4DBCFF}"
EndProject
Global
	GlobalSection(SolutionConfigurationPlatforms) = preSolution
		Debug|Any CPU = Debug|Any CPU
		Release|Any CPU = Release|Any CPU
	EndGlobalSection
	GlobalSection(ProjectConfigurationPlatforms) = postSolution
		{C6C8F0AD-B4A4-4700-82D9-1BF3FF4DBCFF}.Debug|Any CPU.ActiveCfg = Debug|Any CPU
		{C6C8F0AD-B4A4-4700-82D9-1BF3FF4DBCFF}.Debug|Any CPU.Build.0 = Debug|Any CPU
		{C6C8F0AD-B4A4-4700-82D9-1BF3FF4DBCFF}.Release|Any CPU.ActiveCfg = Release|Any CPU
		{C6C8F0AD-B4A4-4700-82D9-1BF3FF4DBCFF}.Release|Any CPU.Build.0 = Release|Any CPU
	EndGlobalSection
	GlobalSection(SolutionProperties) = preSolution
		HideSolutionNode = FALSE
	EndGlobalSection
EndGlobal
